
Microsoft Visual Studio Solution File, Format Version 12.00
# Visual Studio 15
VisualStudioVersion = 15.0.26730.12
MinimumVisualStudioVersion = 10.0.40219.1
Project("{FAE04EC0-301F-11D3-BF4B-00C04F79EFBC}") = "calculator-new-2", "calculator-new\calculator-new-2.csproj", "{9FCDB5EF-6193-43D5-9F43-EA2E26BC8B55}"
EndProject
Global
	GlobalSection(SolutionConfigurationPlatforms) = preSolution
		Debug|Any CPU = Debug|Any CPU
		Release|Any CPU = Release|Any CPU
	EndGlobalSection
	GlobalSection(ProjectConfigurationPlatforms) = postSolution
		{9FCDB5EF-6193-43D5-9F43-EA2E26BC8B55}.Debug|Any CPU.ActiveCfg = Debug|Any CPU
		{9FCDB5EF-6193-43D5-9F43-EA2E26BC8B55}.Debug|Any CPU.Build.0 = Debug|Any CPU
		{9FCDB5EF-6193-43D5-9F43-EA2E26BC8B55}.Release|Any CPU.ActiveCfg = Release|Any CPU
		{9FCDB5EF-6193-43D5-9F43-EA2E26BC8B55}.Release|Any CPU.Build.0 = Release|Any CPU
	EndGlobalSection
	GlobalSection(SolutionProperties) = preSolution
		HideSolutionNode = FALSE
	EndGlobalSection
	GlobalSection(ExtensibilityGlobals) = postSolution
		SolutionGuid = {DD0BCF80-F6D1-4556-BFE8-4F2D2120AAB0}
	EndGlobalSection
EndGlobal
